
Microsoft Visual Studio Solution File, Format Version 12.00
# Visual Studio Version 17
VisualStudioVersion = 17.3.32811.315
MinimumVisualStudioVersion = 10.0.40219.1
Project("{FAE04EC0-301F-11D3-BF4B-00C04F79EFBC}") = "Lab6", "Lab6.csproj", "{56B5BB66-FBBC-4BCC-A063-0E5CEC32C048}"
EndProject
Global
	GlobalSection(SolutionConfigurationPlatforms) = preSolution
		Debug|Any CPU = Debug|Any CPU
		Release|Any CPU = Release|Any CPU
	EndGlobalSection
	GlobalSection(ProjectConfigurationPlatforms) = postSolution
		{56B5BB66-FBBC-4BCC-A063-0E5CEC32C048}.Debug|Any CPU.ActiveCfg = Debug|Any CPU
		{56B5BB66-FBBC-4BCC-A063-0E5CEC32C048}.Debug|Any CPU.Build.0 = Debug|Any CPU
		{56B5BB66-FBBC-4BCC-A063-0E5CEC32C048}.Release|Any CPU.ActiveCfg = Release|Any CPU
		{56B5BB66-FBBC-4BCC-A063-0E5CEC32C048}.Release|Any CPU.Build.0 = Release|Any CPU
	EndGlobalSection
	GlobalSection(SolutionProperties) = preSolution
		HideSolutionNode = FALSE
	EndGlobalSection
	GlobalSection(ExtensibilityGlobals) = postSolution
		SolutionGuid = {57759313-7D7E-4D19-A888-0ADB942F35EA}
	EndGlobalSection
EndGlobal
